
Microsoft Visual Studio Solution File, Format Version 12.00
# Visual Studio Version 17
VisualStudioVersion = 17.3.32901.215
MinimumVisualStudioVersion = 10.0.40219.1
Project("{8BC9CEB8-8B4A-11D0-8D11-00A0C91BC942}") = "WinAPI", "WinAPI\WinAPI.vcxproj", "{BE300AC2-9DAE-4DFB-BD0D-AC184A1C1146}"
EndProject
Project("{8BC9CEB8-8B4A-11D0-8D11-00A0C91BC942}") = "DialogBox", "DialogBox\DialogBox.vcxproj", "{68616705-6597-413D-A030-A7EB0A5B9297}"
EndProject
Project("{8BC9CEB8-8B4A-11D0-8D11-00A0C91BC942}") = "ComboBox", "ComboBox\ComboBox.vcxproj", "{71223866-90F3-4E1C-9941-41B3E7AA2A0A}"
EndProject
Global
	GlobalSection(SolutionConfigurationPlatforms) = preSolution
		Debug|x64 = Debug|x64
		Debug|x86 = Debug|x86
		Release|x64 = Release|x64
		Release|x86 = Release|x86
	EndGlobalSection
	GlobalSection(ProjectConfigurationPlatforms) = postSolution
		{BE300AC2-9DAE-4DFB-BD0D-AC184A1C1146}.Debug|x64.ActiveCfg = Debug|x64
		{BE300AC2-9DAE-4DFB-BD0D-AC184A1C1146}.Debug|x64.Build.0 = Debug|x64
		{BE300AC2-9DAE-4DFB-BD0D-AC184A1C1146}.Debug|x86.ActiveCfg = Debug|Win32
		{BE300AC2-9DAE-4DFB-BD0D-AC184A1C1146}.Debug|x86.Build.0 = Debug|Win32
		{BE300AC2-9DAE-4DFB-BD0D-AC184A1C1146}.Release|x64.ActiveCfg = Release|x64
		{BE300AC2-9DAE-4DFB-BD0D-AC184A1C1146}.Release|x64.Build.0 = Release|x64
		{BE300AC2-9DAE-4DFB-BD0D-AC184A1C1146}.Release|x86.ActiveCfg = Release|Win32
		{BE300AC2-9DAE-4DFB-BD0D-AC184A1C1146}.Release|x86.Build.0 = Release|Win32
		{68616705-6597-413D-A030-A7EB0A5B9297}.Debug|x64.ActiveCfg = Debug|x64
		{68616705-6597-413D-A030-A7EB0A5B9297}.Debug|x64.Build.0 = Debug|x64
		{68616705-6597-413D-A030-A7EB0A5B9297}.Debug|x86.ActiveCfg = Debug|Win32
		{68616705-6597-413D-A030-A7EB0A5B9297}.Debug|x86.Build.0 = Debug|Win32
		{68616705-6597-413D-A030-A7EB0A5B9297}.Release|x64.ActiveCfg = Release|x64
		{68616705-6597-413D-A030-A7EB0A5B9297}.Release|x64.Build.0 = Release|x64
		{68616705-6597-413D-A030-A7EB0A5B9297}.Release|x86.ActiveCfg = Release|Win32
		{68616705-6597-413D-A030-A7EB0A5B9297}.Release|x86.Build.0 = Release|Win32
		{71223866-90F3-4E1C-9941-41B3E7AA2A0A}.Debug|x64.ActiveCfg = Debug|x64
		{71223866-90F3-4E1C-9941-41B3E7AA2A0A}.Debug|x64.Build.0 = Debug|x64
		{71223866-90F3-4E1C-9941-41B3E7AA2A0A}.Debug|x86.ActiveCfg = Debug|Win32
		{71223866-90F3-4E1C-9941-41B3E7AA2A0A}.Debug|x86.Build.0 = Debug|Win32
		{71223866-90F3-4E1C-9941-41B3E7AA2A0A}.Release|x64.ActiveCfg = Release|x64
		{71223866-90F3-4E1C-9941-41B3E7AA2A0A}.Release|x64.Build.0 = Release|x64
		{71223866-90F3-4E1C-9941-41B3E7AA2A0A}.Release|x86.ActiveCfg = Release|Win32
		{71223866-90F3-4E1C-9941-41B3E7AA2A0A}.Release|x86.Build.0 = Release|Win32
	EndGlobalSection
	GlobalSection(SolutionProperties) = preSolution
		HideSolutionNode = FALSE
	EndGlobalSection
	GlobalSection(ExtensibilityGlobals) = postSolution
		SolutionGuid = {0C282FF1-DE08-4024-9376-C1AE5DB2F176}
	EndGlobalSection
EndGlobal
